
Microsoft Visual Studio Solution File, Format Version 12.00
# Visual Studio 2013
VisualStudioVersion = 12.0.40629.0
MinimumVisualStudioVersion = 10.0.40219.1
Project("{FAE04EC0-301F-11D3-BF4B-00C04F79EFBC}") = "Proje_Hastane1", "Proje_Hastane1\Proje_Hastane1.csproj", "{B79107F4-FD2D-4E4B-B44A-E71888F8B8F2}"
EndProject
Global
	GlobalSection(SolutionConfigurationPlatforms) = preSolution
		Debug|Any CPU = Debug|Any CPU
		Release|Any CPU = Release|Any CPU
	EndGlobalSection
	GlobalSection(ProjectConfigurationPlatforms) = postSolution
		{B79107F4-FD2D-4E4B-B44A-E71888F8B8F2}.Debug|Any CPU.ActiveCfg = Debug|Any CPU
		{B79107F4-FD2D-4E4B-B44A-E71888F8B8F2}.Debug|Any CPU.Build.0 = Debug|Any CPU
		{B79107F4-FD2D-4E4B-B44A-E71888F8B8F2}.Release|Any CPU.ActiveCfg = Release|Any CPU
		{B79107F4-FD2D-4E4B-B44A-E71888F8B8F2}.Release|Any CPU.Build.0 = Release|Any CPU
	EndGlobalSection
	GlobalSection(SolutionProperties) = preSolution
		HideSolutionNode = FALSE
	EndGlobalSection
EndGlobal
